{
  "version": 4,
  "terraform_version": "1.4.6",
  "serial": 53,
  "lineage": "e817dfef-5099-7da3-32da-ae889c9fbc19",
  "outputs": {
    "public_ip": {
      "value": "20.120.9.242",
      "type": "string"
    }
  },
  "resources": [
    {
      "mode": "managed",
      "type": "azurerm_linux_virtual_machine",
      "name": "vm-zerocoder-appbundler",
      "provider": "provider[\"registry.terraform.io/hashicorp/azurerm\"]",
      "instances": [
        {
          "schema_version": 0,
          "attributes": {
            "additional_capabilities": [],
            "admin_password": "Validate_P@$$",
            "admin_ssh_key": [],
            "admin_username": "zerocoder",
            "allow_extension_operations": true,
            "availability_set_id": "",
            "boot_diagnostics": [],
            "capacity_reservation_group_id": "",
            "computer_name": "vm-zerocoder-appbundler",
            "custom_data": null,
            "dedicated_host_group_id": "",
            "dedicated_host_id": "",
            "disable_password_authentication": false,
            "edge_zone": "",
            "encryption_at_host_enabled": false,
            "eviction_policy": "",
            "extensions_time_budget": "PT1H30M",
            "gallery_application": [],
            "id": "/subscriptions/6514f337-d54d-4269-a47a-47e1fbd825b8/resourceGroups/rg-zerocoder-appbundler/providers/Microsoft.Compute/virtualMachines/vm-zerocoder-appbundler",
            "identity": [],
            "license_type": "",
            "location": "eastus",
            "max_bid_price": -1,
            "name": "vm-zerocoder-appbundler",
            "network_interface_ids": [
              "/subscriptions/6514f337-d54d-4269-a47a-47e1fbd825b8/resourceGroups/rg-zerocoder-appbundler/providers/Microsoft.Network/networkInterfaces/nic-zerocoder-appbundler"
            ],
            "os_disk": [
              {
                "caching": "ReadWrite",
                "diff_disk_settings": [],
                "disk_encryption_set_id": "",
                "disk_size_gb": 30,
                "name": "myOsDisk",
                "secure_vm_disk_encryption_set_id": "",
                "security_encryption_type": "",
                "storage_account_type": "Premium_LRS",
                "write_accelerator_enabled": false
              }
            ],
            "patch_assessment_mode": "ImageDefault",
            "patch_mode": "ImageDefault",
            "plan": [],
            "platform_fault_domain": -1,
            "priority": "Regular",
            "private_ip_address": "10.0.1.4",
            "private_ip_addresses": [
              "10.0.1.4"
            ],
            "provision_vm_agent": true,
            "proximity_placement_group_id": "",
            "public_ip_address": "20.120.9.242",
            "public_ip_addresses": [
              "20.120.9.242"
            ],
            "resource_group_name": "rg-zerocoder-appbundler",
            "secret": [],
            "secure_boot_enabled": false,
            "size": "Standard_B2s",
            "source_image_id": "",
            "source_image_reference": [
              {
                "offer": "UbuntuServer",
                "publisher": "Canonical",
                "sku": "18.04-LTS",
                "version": "latest"
              }
            ],
            "tags": {
              "project": "ReactNativeBundler"
            },
            "termination_notification": null,
            "timeouts": null,
            "user_data": "",
            "virtual_machine_id": "4bb52a03-7cf3-4e58-b9ee-1f723b8261bc",
            "virtual_machine_scale_set_id": "",
            "vtpm_enabled": false,
            "zone": ""
          },
          "sensitive_attributes": [],
          "private": "eyJlMmJmYjczMC1lY2FhLTExZTYtOGY4OC0zNDM2M2JjN2M0YzAiOnsiY3JlYXRlIjoyNzAwMDAwMDAwMDAwLCJkZWxldGUiOjI3MDAwMDAwMDAwMDAsInJlYWQiOjMwMDAwMDAwMDAwMCwidXBkYXRlIjoyNzAwMDAwMDAwMDAwfX0=",
          "dependencies": [
            "azurerm_network_interface.nic-zerocoder-appbundler",
            "azurerm_public_ip.pip-zerocoder-appbundler",
            "azurerm_resource_group.rg-zerocoder-appbundler",
            "azurerm_subnet.sub-zerocoder-appbundler",
            "azurerm_virtual_network.vnet-zerocoder-appbundler"
          ]
        }
      ]
    },
    {
      "mode": "managed",
      "type": "azurerm_network_interface",
      "name": "nic-zerocoder-appbundler",
      "provider": "provider[\"registry.terraform.io/hashicorp/azurerm\"]",
      "instances": [
        {
          "schema_version": 0,
          "attributes": {
            "applied_dns_servers": [],
            "dns_servers": [],
            "edge_zone": "",
            "enable_accelerated_networking": false,
            "enable_ip_forwarding": false,
            "id": "/subscriptions/6514f337-d54d-4269-a47a-47e1fbd825b8/resourceGroups/rg-zerocoder-appbundler/providers/Microsoft.Network/networkInterfaces/nic-zerocoder-appbundler",
            "internal_dns_name_label": "",
            "internal_domain_name_suffix": "rjohanpsbblutfcroael053vbf.bx.internal.cloudapp.net",
            "ip_configuration": [
              {
                "gateway_load_balancer_frontend_ip_configuration_id": "",
                "name": "myNicConfiguration",
                "primary": true,
                "private_ip_address": "10.0.1.4",
                "private_ip_address_allocation": "Dynamic",
                "private_ip_address_version": "IPv4",
                "public_ip_address_id": "/subscriptions/6514f337-d54d-4269-a47a-47e1fbd825b8/resourceGroups/rg-zerocoder-appbundler/providers/Microsoft.Network/publicIPAddresses/pip-zerocoder-appbundler",
                "subnet_id": "/subscriptions/6514f337-d54d-4269-a47a-47e1fbd825b8/resourceGroups/rg-zerocoder-appbundler/providers/Microsoft.Network/virtualNetworks/vnet-zerocoder-appbundler/subnets/sub-zerocoder-appbundler"
              }
            ],
            "location": "eastus",
            "mac_address": "",
            "name": "nic-zerocoder-appbundler",
            "private_ip_address": "10.0.1.4",
            "private_ip_addresses": [
              "10.0.1.4"
            ],
            "resource_group_name": "rg-zerocoder-appbundler",
            "tags": {
              "project": "ReactNativeBundler"
            },
            "timeouts": null,
            "virtual_machine_id": ""
          },
          "sensitive_attributes": [],
          "private": "eyJlMmJmYjczMC1lY2FhLTExZTYtOGY4OC0zNDM2M2JjN2M0YzAiOnsiY3JlYXRlIjoxODAwMDAwMDAwMDAwLCJkZWxldGUiOjE4MDAwMDAwMDAwMDAsInJlYWQiOjMwMDAwMDAwMDAwMCwidXBkYXRlIjoxODAwMDAwMDAwMDAwfX0=",
          "dependencies": [
            "azurerm_public_ip.pip-zerocoder-appbundler",
            "azurerm_resource_group.rg-zerocoder-appbundler",
            "azurerm_subnet.sub-zerocoder-appbundler",
            "azurerm_virtual_network.vnet-zerocoder-appbundler"
          ]
        }
      ]
    },
    {
      "mode": "managed",
      "type": "azurerm_network_interface_security_group_association",
      "name": "nic-nsg-zerocoder-appbundler",
      "provider": "provider[\"registry.terraform.io/hashicorp/azurerm\"]",
      "instances": [
        {
          "schema_version": 0,
          "attributes": {
            "id": "/subscriptions/6514f337-d54d-4269-a47a-47e1fbd825b8/resourceGroups/rg-zerocoder-appbundler/providers/Microsoft.Network/networkInterfaces/nic-zerocoder-appbundler|/subscriptions/6514f337-d54d-4269-a47a-47e1fbd825b8/resourceGroups/rg-zerocoder-appbundler/providers/Microsoft.Network/networkSecurityGroups/nsg-zerocoder-appbundler",
            "network_interface_id": "/subscriptions/6514f337-d54d-4269-a47a-47e1fbd825b8/resourceGroups/rg-zerocoder-appbundler/providers/Microsoft.Network/networkInterfaces/nic-zerocoder-appbundler",
            "network_security_group_id": "/subscriptions/6514f337-d54d-4269-a47a-47e1fbd825b8/resourceGroups/rg-zerocoder-appbundler/providers/Microsoft.Network/networkSecurityGroups/nsg-zerocoder-appbundler",
            "timeouts": null
          },
          "sensitive_attributes": [],
          "private": "eyJlMmJmYjczMC1lY2FhLTExZTYtOGY4OC0zNDM2M2JjN2M0YzAiOnsiY3JlYXRlIjoxODAwMDAwMDAwMDAwLCJkZWxldGUiOjE4MDAwMDAwMDAwMDAsInJlYWQiOjMwMDAwMDAwMDAwMCwidXBkYXRlIjoxODAwMDAwMDAwMDAwfX0=",
          "dependencies": [
            "azurerm_network_interface.nic-zerocoder-appbundler",
            "azurerm_network_security_group.nsg-zerocoder-appbundler",
            "azurerm_public_ip.pip-zerocoder-appbundler",
            "azurerm_resource_group.rg-zerocoder-appbundler",
            "azurerm_subnet.sub-zerocoder-appbundler",
            "azurerm_virtual_network.vnet-zerocoder-appbundler"
          ]
        }
      ]
    },
    {
      "mode": "managed",
      "type": "azurerm_network_security_group",
      "name": "nsg-zerocoder-appbundler",
      "provider": "provider[\"registry.terraform.io/hashicorp/azurerm\"]",
      "instances": [
        {
          "schema_version": 0,
          "attributes": {
            "id": "/subscriptions/6514f337-d54d-4269-a47a-47e1fbd825b8/resourceGroups/rg-zerocoder-appbundler/providers/Microsoft.Network/networkSecurityGroups/nsg-zerocoder-appbundler",
            "location": "eastus",
            "name": "nsg-zerocoder-appbundler",
            "resource_group_name": "rg-zerocoder-appbundler",
            "security_rule": [
              {
                "access": "Allow",
                "description": "",
                "destination_address_prefix": "*",
                "destination_address_prefixes": [],
                "destination_application_security_group_ids": [],
                "destination_port_range": "22",
                "destination_port_ranges": [],
                "direction": "Inbound",
                "name": "SSH",
                "priority": 1001,
                "protocol": "Tcp",
                "source_address_prefix": "*",
                "source_address_prefixes": [],
                "source_application_security_group_ids": [],
                "source_port_range": "*",
                "source_port_ranges": []
              },
              {
                "access": "Allow",
                "description": "",
                "destination_address_prefix": "*",
                "destination_address_prefixes": [],
                "destination_application_security_group_ids": [],
                "destination_port_range": "80",
                "destination_port_ranges": [],
                "direction": "Inbound",
                "name": "Web",
                "priority": 300,
                "protocol": "Tcp",
                "source_address_prefix": "*",
                "source_address_prefixes": [],
                "source_application_security_group_ids": [],
                "source_port_range": "*",
                "source_port_ranges": []
              },
              {
                "access": "Allow",
                "description": "",
                "destination_address_prefix": "*",
                "destination_address_prefixes": [],
                "destination_application_security_group_ids": [],
                "destination_port_range": "8081",
                "destination_port_ranges": [],
                "direction": "Inbound",
                "name": "Bundle",
                "priority": 800,
                "protocol": "Tcp",
                "source_address_prefix": "*",
                "source_address_prefixes": [],
                "source_application_security_group_ids": [],
                "source_port_range": "*",
                "source_port_ranges": []
              }
            ],
            "tags": {
              "project": "ReactNativeBundler"
            },
            "timeouts": null
          },
          "sensitive_attributes": [],
          "private": "eyJlMmJmYjczMC1lY2FhLTExZTYtOGY4OC0zNDM2M2JjN2M0YzAiOnsiY3JlYXRlIjoxODAwMDAwMDAwMDAwLCJkZWxldGUiOjE4MDAwMDAwMDAwMDAsInJlYWQiOjMwMDAwMDAwMDAwMCwidXBkYXRlIjoxODAwMDAwMDAwMDAwfX0=",
          "dependencies": [
            "azurerm_resource_group.rg-zerocoder-appbundler"
          ]
        }
      ]
    },
    {
      "mode": "managed",
      "type": "azurerm_public_ip",
      "name": "pip-zerocoder-appbundler",
      "provider": "provider[\"registry.terraform.io/hashicorp/azurerm\"]",
      "instances": [
        {
          "schema_version": 0,
          "attributes": {
            "allocation_method": "Static",
            "ddos_protection_mode": "VirtualNetworkInherited",
            "ddos_protection_plan_id": null,
            "domain_name_label": null,
            "edge_zone": "",
            "fqdn": null,
            "id": "/subscriptions/6514f337-d54d-4269-a47a-47e1fbd825b8/resourceGroups/rg-zerocoder-appbundler/providers/Microsoft.Network/publicIPAddresses/pip-zerocoder-appbundler",
            "idle_timeout_in_minutes": 4,
            "ip_address": "20.120.9.242",
            "ip_tags": null,
            "ip_version": "IPv4",
            "location": "eastus",
            "name": "pip-zerocoder-appbundler",
            "public_ip_prefix_id": null,
            "resource_group_name": "rg-zerocoder-appbundler",
            "reverse_fqdn": null,
            "sku": "Basic",
            "sku_tier": "Regional",
            "tags": {
              "project": "ReactNativeBundler"
            },
            "timeouts": null,
            "zones": null
          },
          "sensitive_attributes": [],
          "private": "eyJlMmJmYjczMC1lY2FhLTExZTYtOGY4OC0zNDM2M2JjN2M0YzAiOnsiY3JlYXRlIjoxODAwMDAwMDAwMDAwLCJkZWxldGUiOjE4MDAwMDAwMDAwMDAsInJlYWQiOjMwMDAwMDAwMDAwMCwidXBkYXRlIjoxODAwMDAwMDAwMDAwfX0=",
          "dependencies": [
            "azurerm_resource_group.rg-zerocoder-appbundler"
          ]
        }
      ]
    },
    {
      "mode": "managed",
      "type": "azurerm_resource_group",
      "name": "rg-zerocoder-appbundler",
      "provider": "provider[\"registry.terraform.io/hashicorp/azurerm\"]",
      "instances": [
        {
          "schema_version": 0,
          "attributes": {
            "id": "/subscriptions/6514f337-d54d-4269-a47a-47e1fbd825b8/resourceGroups/rg-zerocoder-appbundler",
            "location": "eastus",
            "name": "rg-zerocoder-appbundler",
            "tags": {
              "project": "ReactNativeBundler"
            },
            "timeouts": null
          },
          "sensitive_attributes": [],
          "private": "eyJlMmJmYjczMC1lY2FhLTExZTYtOGY4OC0zNDM2M2JjN2M0YzAiOnsiY3JlYXRlIjo1NDAwMDAwMDAwMDAwLCJkZWxldGUiOjU0MDAwMDAwMDAwMDAsInJlYWQiOjMwMDAwMDAwMDAwMCwidXBkYXRlIjo1NDAwMDAwMDAwMDAwfX0="
        }
      ]
    },
    {
      "mode": "managed",
      "type": "azurerm_subnet",
      "name": "sub-zerocoder-appbundler",
      "provider": "provider[\"registry.terraform.io/hashicorp/azurerm\"]",
      "instances": [
        {
          "schema_version": 0,
          "attributes": {
            "address_prefixes": [
              "10.0.1.0/24"
            ],
            "delegation": [],
            "enforce_private_link_endpoint_network_policies": false,
            "enforce_private_link_service_network_policies": false,
            "id": "/subscriptions/6514f337-d54d-4269-a47a-47e1fbd825b8/resourceGroups/rg-zerocoder-appbundler/providers/Microsoft.Network/virtualNetworks/vnet-zerocoder-appbundler/subnets/sub-zerocoder-appbundler",
            "name": "sub-zerocoder-appbundler",
            "private_endpoint_network_policies_enabled": true,
            "private_link_service_network_policies_enabled": true,
            "resource_group_name": "rg-zerocoder-appbundler",
            "service_endpoint_policy_ids": null,
            "service_endpoints": null,
            "timeouts": null,
            "virtual_network_name": "vnet-zerocoder-appbundler"
          },
          "sensitive_attributes": [],
          "private": "eyJlMmJmYjczMC1lY2FhLTExZTYtOGY4OC0zNDM2M2JjN2M0YzAiOnsiY3JlYXRlIjoxODAwMDAwMDAwMDAwLCJkZWxldGUiOjE4MDAwMDAwMDAwMDAsInJlYWQiOjMwMDAwMDAwMDAwMCwidXBkYXRlIjoxODAwMDAwMDAwMDAwfX0=",
          "dependencies": [
            "azurerm_resource_group.rg-zerocoder-appbundler",
            "azurerm_virtual_network.vnet-zerocoder-appbundler"
          ]
        }
      ]
    },
    {
      "mode": "managed",
      "type": "azurerm_virtual_network",
      "name": "vnet-zerocoder-appbundler",
      "provider": "provider[\"registry.terraform.io/hashicorp/azurerm\"]",
      "instances": [
        {
          "schema_version": 0,
          "attributes": {
            "address_space": [
              "10.0.0.0/16"
            ],
            "bgp_community": "",
            "ddos_protection_plan": [],
            "dns_servers": [],
            "edge_zone": "",
            "flow_timeout_in_minutes": 0,
            "guid": "35705c8a-08f2-4957-9451-7008bd7fb50d",
            "id": "/subscriptions/6514f337-d54d-4269-a47a-47e1fbd825b8/resourceGroups/rg-zerocoder-appbundler/providers/Microsoft.Network/virtualNetworks/vnet-zerocoder-appbundler",
            "location": "eastus",
            "name": "vnet-zerocoder-appbundler",
            "resource_group_name": "rg-zerocoder-appbundler",
            "subnet": [],
            "tags": {
              "project": "ReactNativeBundler"
            },
            "timeouts": null
          },
          "sensitive_attributes": [],
          "private": "eyJlMmJmYjczMC1lY2FhLTExZTYtOGY4OC0zNDM2M2JjN2M0YzAiOnsiY3JlYXRlIjoxODAwMDAwMDAwMDAwLCJkZWxldGUiOjE4MDAwMDAwMDAwMDAsInJlYWQiOjMwMDAwMDAwMDAwMCwidXBkYXRlIjoxODAwMDAwMDAwMDAwfX0=",
          "dependencies": [
            "azurerm_resource_group.rg-zerocoder-appbundler"
          ]
        }
      ]
    },
    {
      "mode": "managed",
      "type": "null_resource",
      "name": "install-node",
      "provider": "provider[\"registry.terraform.io/hashicorp/null\"]",
      "instances": [
        {
          "schema_version": 0,
          "attributes": {
            "id": "2765753062950505851",
            "triggers": {
              "order": "/subscriptions/6514f337-d54d-4269-a47a-47e1fbd825b8/resourceGroups/rg-zerocoder-appbundler/providers/Microsoft.Compute/virtualMachines/vm-zerocoder-appbundler"
            }
          },
          "sensitive_attributes": [],
          "dependencies": [
            "azurerm_linux_virtual_machine.vm-zerocoder-appbundler",
            "azurerm_network_interface.nic-zerocoder-appbundler",
            "azurerm_public_ip.pip-zerocoder-appbundler",
            "azurerm_resource_group.rg-zerocoder-appbundler",
            "azurerm_subnet.sub-zerocoder-appbundler",
            "azurerm_virtual_network.vnet-zerocoder-appbundler"
          ]
        }
      ]
    }
  ],
  "check_results": null
}
